
Microsoft Visual Studio Solution File, Format Version 12.00
# Visual Studio Version 17
VisualStudioVersion = 17.13.35913.81
MinimumVisualStudioVersion = 10.0.40219.1
Project("{FAE04EC0-301F-11D3-BF4B-00C04F79EFBC}") = "MeetlyOmni.Api", "src\MeetlyOmni.Api\MeetlyOmni.Api.csproj", "{ADB06EB7-CC09-49AA-B0DE-DF6BB6FBF9CE}"
EndProject
Project("{FAE04EC0-301F-11D3-BF4B-00C04F79EFBC}") = "MeetlyOmni.IntegrationTests", "src\MeetlyOmni.IntegrationTests\MeetlyOmni.IntegrationTests.csproj", "{BCE033BF-83BA-CE5B-55A8-E54D2706A184}"
EndProject
Project("{FAE04EC0-301F-11D3-BF4B-00C04F79EFBC}") = "MeetlyOmni.Unit.tests", "src\MeetlyOmni.Unit.tests\MeetlyOmni.Unit.tests.csproj", "{79715CB9-9826-5597-CDDE-70BF1D63F5CB}"
EndProject
Global
	GlobalSection(SolutionConfigurationPlatforms) = preSolution
		Debug|Any CPU = Debug|Any CPU
		Release|Any CPU = Release|Any CPU
	EndGlobalSection
	GlobalSection(ProjectConfigurationPlatforms) = postSolution
		{ADB06EB7-CC09-49AA-B0DE-DF6BB6FBF9CE}.Debug|Any CPU.ActiveCfg = Debug|Any CPU
		{ADB06EB7-CC09-49AA-B0DE-DF6BB6FBF9CE}.Debug|Any CPU.Build.0 = Debug|Any CPU
		{ADB06EB7-CC09-49AA-B0DE-DF6BB6FBF9CE}.Release|Any CPU.ActiveCfg = Release|Any CPU
		{ADB06EB7-CC09-49AA-B0DE-DF6BB6FBF9CE}.Release|Any CPU.Build.0 = Release|Any CPU
		{BCE033BF-83BA-CE5B-55A8-E54D2706A184}.Debug|Any CPU.ActiveCfg = Debug|Any CPU
		{BCE033BF-83BA-CE5B-55A8-E54D2706A184}.Debug|Any CPU.Build.0 = Debug|Any CPU
		{BCE033BF-83BA-CE5B-55A8-E54D2706A184}.Release|Any CPU.ActiveCfg = Release|Any CPU
		{BCE033BF-83BA-CE5B-55A8-E54D2706A184}.Release|Any CPU.Build.0 = Release|Any CPU
		{79715CB9-9826-5597-CDDE-70BF1D63F5CB}.Debug|Any CPU.ActiveCfg = Debug|Any CPU
		{79715CB9-9826-5597-CDDE-70BF1D63F5CB}.Debug|Any CPU.Build.0 = Debug|Any CPU
		{79715CB9-9826-5597-CDDE-70BF1D63F5CB}.Release|Any CPU.ActiveCfg = Release|Any CPU
		{79715CB9-9826-5597-CDDE-70BF1D63F5CB}.Release|Any CPU.Build.0 = Release|Any CPU
	EndGlobalSection
	GlobalSection(SolutionProperties) = preSolution
		HideSolutionNode = FALSE
	EndGlobalSection
	GlobalSection(ExtensibilityGlobals) = postSolution
		SolutionGuid = {A15EF427-35BF-4AF5-AB17-B80D5ED4757D}
	EndGlobalSection
EndGlobal
